
Microsoft Visual Studio Solution File, Format Version 12.00
# Visual Studio Version 17
VisualStudioVersion = 17.4.33122.133
MinimumVisualStudioVersion = 10.0.40219.1
Project("{FAE04EC0-301F-11D3-BF4B-00C04F79EFBC}") = "AppointSys", "AppointSys.csproj", "{B134E8BE-FF24-45A1-8E27-22F01D6A1805}"
EndProject
Global
	GlobalSection(SolutionConfigurationPlatforms) = preSolution
		Debug|Any CPU = Debug|Any CPU
		Release|Any CPU = Release|Any CPU
	EndGlobalSection
	GlobalSection(ProjectConfigurationPlatforms) = postSolution
		{B134E8BE-FF24-45A1-8E27-22F01D6A1805}.Debug|Any CPU.ActiveCfg = Debug|Any CPU
		{B134E8BE-FF24-45A1-8E27-22F01D6A1805}.Debug|Any CPU.Build.0 = Debug|Any CPU
		{B134E8BE-FF24-45A1-8E27-22F01D6A1805}.Release|Any CPU.ActiveCfg = Release|Any CPU
		{B134E8BE-FF24-45A1-8E27-22F01D6A1805}.Release|Any CPU.Build.0 = Release|Any CPU
	EndGlobalSection
	GlobalSection(SolutionProperties) = preSolution
		HideSolutionNode = FALSE
	EndGlobalSection
	GlobalSection(ExtensibilityGlobals) = postSolution
		SolutionGuid = {4551EFC6-05EA-4B19-8225-242BEE6737EF}
	EndGlobalSection
EndGlobal
